
Microsoft Visual Studio Solution File, Format Version 12.00
# Visual Studio Version 16
VisualStudioVersion = 16.0.809.0
MinimumVisualStudioVersion = 10.0.40219.1
Project("{FAE04EC0-301F-11D3-BF4B-00C04F79EFBC}") = "SongQueryGui", "SongQuery\SongQueryGui.csproj", "{F60A0992-DBD3-4486-98FE-A197CF8814DB}"
EndProject
Project("{FAE04EC0-301F-11D3-BF4B-00C04F79EFBC}") = "InfoProvider", "InfoProvider\InfoProvider.csproj", "{EE19F3B7-DC71-471D-82F8-BC3CA8694DEE}"
EndProject
Project("{FAE04EC0-301F-11D3-BF4B-00C04F79EFBC}") = "Genius.SDK", "Genius.SDK\Genius.SDK.csproj", "{32E75932-5693-4DB5-87FE-2B8945684902}"
EndProject
Global
	GlobalSection(SolutionConfigurationPlatforms) = preSolution
		Debug|Any CPU = Debug|Any CPU
		Release|Any CPU = Release|Any CPU
	EndGlobalSection
	GlobalSection(ProjectConfigurationPlatforms) = postSolution
		{F60A0992-DBD3-4486-98FE-A197CF8814DB}.Debug|Any CPU.ActiveCfg = Debug|Any CPU
		{F60A0992-DBD3-4486-98FE-A197CF8814DB}.Debug|Any CPU.Build.0 = Debug|Any CPU
		{F60A0992-DBD3-4486-98FE-A197CF8814DB}.Release|Any CPU.ActiveCfg = Release|Any CPU
		{F60A0992-DBD3-4486-98FE-A197CF8814DB}.Release|Any CPU.Build.0 = Release|Any CPU
		{EE19F3B7-DC71-471D-82F8-BC3CA8694DEE}.Debug|Any CPU.ActiveCfg = Debug|Any CPU
		{EE19F3B7-DC71-471D-82F8-BC3CA8694DEE}.Debug|Any CPU.Build.0 = Debug|Any CPU
		{EE19F3B7-DC71-471D-82F8-BC3CA8694DEE}.Release|Any CPU.ActiveCfg = Release|Any CPU
		{EE19F3B7-DC71-471D-82F8-BC3CA8694DEE}.Release|Any CPU.Build.0 = Release|Any CPU
		{32E75932-5693-4DB5-87FE-2B8945684902}.Debug|Any CPU.ActiveCfg = Debug|Any CPU
		{32E75932-5693-4DB5-87FE-2B8945684902}.Debug|Any CPU.Build.0 = Debug|Any CPU
		{32E75932-5693-4DB5-87FE-2B8945684902}.Release|Any CPU.ActiveCfg = Release|Any CPU
		{32E75932-5693-4DB5-87FE-2B8945684902}.Release|Any CPU.Build.0 = Release|Any CPU
	EndGlobalSection
	GlobalSection(SolutionProperties) = preSolution
		HideSolutionNode = FALSE
	EndGlobalSection
	GlobalSection(ExtensibilityGlobals) = postSolution
		SolutionGuid = {D9E9E3BE-B04D-4BA0-BDAA-7245D6F134CA}
	EndGlobalSection
EndGlobal
